schema: '2.0'
stages:
  Data_Ingestion:
    cmd: python src/py_files/1_Data_Ingestion.py
    deps:
    - path: src/py_files/1_Data_Ingestion.py
      hash: md5
      md5: a0fd238799edc7a6473d7129abfc935f
      size: 4191
    params:
      params.yaml:
        Data_Ingestion.test_size: 0.1
  Data_Analysis:
    cmd: python src/py_files/2_Data_Analysis.py
    deps:
    - path: src/py_files/2_Data_Analysis.py
      hash: md5
      md5: 3b47a6b7d41682c2fb038be6136f29e1
      size: 1753
  Model_Training_Evaluation:
    cmd: python src/py_files/5_Model_Training_Evaluation.py
    deps:
    - path: src/py_files/5_Model_Training_Evaluation.py
      hash: md5
      md5: be6f9defe4b25e080dfda57c16cdd975
      size: 5067
    params:
      params.yaml:
        Model_Training_Evaluation.test_np_round: 1
